
Microsoft Visual Studio Solution File, Format Version 12.00
# Visual Studio 15
VisualStudioVersion = 15.0.27130.2027
MinimumVisualStudioVersion = 10.0.40219.1
Project("{FAE04EC0-301F-11D3-BF4B-00C04F79EFBC}") = "CompanyManagementSystem", "CompanyManagementSystem\CompanyManagementSystem.csproj", "{AF34C814-F555-41CF-B6EF-682F591718B9}"
EndProject
Global
	GlobalSection(SolutionConfigurationPlatforms) = preSolution
		Debug|Any CPU = Debug|Any CPU
		Release|Any CPU = Release|Any CPU
	EndGlobalSection
	GlobalSection(ProjectConfigurationPlatforms) = postSolution
		{AF34C814-F555-41CF-B6EF-682F591718B9}.Debug|Any CPU.ActiveCfg = Debug|Any CPU
		{AF34C814-F555-41CF-B6EF-682F591718B9}.Debug|Any CPU.Build.0 = Debug|Any CPU
		{AF34C814-F555-41CF-B6EF-682F591718B9}.Release|Any CPU.ActiveCfg = Release|Any CPU
		{AF34C814-F555-41CF-B6EF-682F591718B9}.Release|Any CPU.Build.0 = Release|Any CPU
	EndGlobalSection
	GlobalSection(SolutionProperties) = preSolution
		HideSolutionNode = FALSE
	EndGlobalSection
	GlobalSection(ExtensibilityGlobals) = postSolution
		SolutionGuid = {38490B80-0623-4C04-AB85-5E0D9693E837}
	EndGlobalSection
EndGlobal
